
Microsoft Visual Studio Solution File, Format Version 12.00
# Visual Studio Version 17
VisualStudioVersion = 17.0.31903.59
MinimumVisualStudioVersion = 10.0.40219.1
Project("{FAE04EC0-301F-11D3-BF4B-00C04F79EFBC}") = "CVScore.Domain", "CVScore.Domain\CVScore.Domain.csproj", "{5D732C68-EDCD-47B8-9A97-249FA83B8094}"
EndProject
Project("{FAE04EC0-301F-11D3-BF4B-00C04F79EFBC}") = "CVScore.Application", "CVScore.Application\CVScore.Application.csproj", "{D77DFB89-87C4-4BEB-9C51-3A9C5C81A9EE}"
EndProject
Project("{FAE04EC0-301F-11D3-BF4B-00C04F79EFBC}") = "CVScore.Infrastructure", "CVScore.Infrastructure\CVScore.Infrastructure.csproj", "{B23E0A06-5F68-4F13-8D9F-707159E4F915}"
EndProject
Project("{FAE04EC0-301F-11D3-BF4B-00C04F79EFBC}") = "CVScore.API", "CVScore.API\CVScore.API.csproj", "{1C8B94EB-BCE1-4F99-A0E2-435EAC590DE0}"
EndProject
Project("{FAE04EC0-301F-11D3-BF4B-00C04F79EFBC}") = "CVScore.Infrastructure.Tests", "CVScore.Infrastructure.Tests\CVScore.Infrastructure.Tests.csproj", "{724C90DA-DB24-4A6B-9756-B09A47D6944B}"
EndProject
Global
	GlobalSection(SolutionConfigurationPlatforms) = preSolution
		Debug|Any CPU = Debug|Any CPU
		Debug|x64 = Debug|x64
		Debug|x86 = Debug|x86
		Release|Any CPU = Release|Any CPU
		Release|x64 = Release|x64
		Release|x86 = Release|x86
	EndGlobalSection
	GlobalSection(ProjectConfigurationPlatforms) = postSolution
		{5D732C68-EDCD-47B8-9A97-249FA83B8094}.Debug|Any CPU.ActiveCfg = Debug|Any CPU
		{5D732C68-EDCD-47B8-9A97-249FA83B8094}.Debug|Any CPU.Build.0 = Debug|Any CPU
		{5D732C68-EDCD-47B8-9A97-249FA83B8094}.Debug|x64.ActiveCfg = Debug|Any CPU
		{5D732C68-EDCD-47B8-9A97-249FA83B8094}.Debug|x64.Build.0 = Debug|Any CPU
		{5D732C68-EDCD-47B8-9A97-249FA83B8094}.Debug|x86.ActiveCfg = Debug|Any CPU
		{5D732C68-EDCD-47B8-9A97-249FA83B8094}.Debug|x86.Build.0 = Debug|Any CPU
		{5D732C68-EDCD-47B8-9A97-249FA83B8094}.Release|Any CPU.ActiveCfg = Release|Any CPU
		{5D732C68-EDCD-47B8-9A97-249FA83B8094}.Release|Any CPU.Build.0 = Release|Any CPU
		{5D732C68-EDCD-47B8-9A97-249FA83B8094}.Release|x64.ActiveCfg = Release|Any CPU
		{5D732C68-EDCD-47B8-9A97-249FA83B8094}.Release|x64.Build.0 = Release|Any CPU
		{5D732C68-EDCD-47B8-9A97-249FA83B8094}.Release|x86.ActiveCfg = Release|Any CPU
		{5D732C68-EDCD-47B8-9A97-249FA83B8094}.Release|x86.Build.0 = Release|Any CPU
		{D77DFB89-87C4-4BEB-9C51-3A9C5C81A9EE}.Debug|Any CPU.ActiveCfg = Debug|Any CPU
		{D77DFB89-87C4-4BEB-9C51-3A9C5C81A9EE}.Debug|Any CPU.Build.0 = Debug|Any CPU
		{D77DFB89-87C4-4BEB-9C51-3A9C5C81A9EE}.Debug|x64.ActiveCfg = Debug|Any CPU
		{D77DFB89-87C4-4BEB-9C51-3A9C5C81A9EE}.Debug|x64.Build.0 = Debug|Any CPU
		{D77DFB89-87C4-4BEB-9C51-3A9C5C81A9EE}.Debug|x86.ActiveCfg = Debug|Any CPU
		{D77DFB89-87C4-4BEB-9C51-3A9C5C81A9EE}.Debug|x86.Build.0 = Debug|Any CPU
		{D77DFB89-87C4-4BEB-9C51-3A9C5C81A9EE}.Release|Any CPU.ActiveCfg = Release|Any CPU
		{D77DFB89-87C4-4BEB-9C51-3A9C5C81A9EE}.Release|Any CPU.Build.0 = Release|Any CPU
		{D77DFB89-87C4-4BEB-9C51-3A9C5C81A9EE}.Release|x64.ActiveCfg = Release|Any CPU
		{D77DFB89-87C4-4BEB-9C51-3A9C5C81A9EE}.Release|x64.Build.0 = Release|Any CPU
		{D77DFB89-87C4-4BEB-9C51-3A9C5C81A9EE}.Release|x86.ActiveCfg = Release|Any CPU
		{D77DFB89-87C4-4BEB-9C51-3A9C5C81A9EE}.Release|x86.Build.0 = Release|Any CPU
		{B23E0A06-5F68-4F13-8D9F-707159E4F915}.Debug|Any CPU.ActiveCfg = Debug|Any CPU
		{B23E0A06-5F68-4F13-8D9F-707159E4F915}.Debug|Any CPU.Build.0 = Debug|Any CPU
		{B23E0A06-5F68-4F13-8D9F-707159E4F915}.Debug|x64.ActiveCfg = Debug|Any CPU
		{B23E0A06-5F68-4F13-8D9F-707159E4F915}.Debug|x64.Build.0 = Debug|Any CPU
		{B23E0A06-5F68-4F13-8D9F-707159E4F915}.Debug|x86.ActiveCfg = Debug|Any CPU
		{B23E0A06-5F68-4F13-8D9F-707159E4F915}.Debug|x86.Build.0 = Debug|Any CPU
		{B23E0A06-5F68-4F13-8D9F-707159E4F915}.Release|Any CPU.ActiveCfg = Release|Any CPU
		{B23E0A06-5F68-4F13-8D9F-707159E4F915}.Release|Any CPU.Build.0 = Release|Any CPU
		{B23E0A06-5F68-4F13-8D9F-707159E4F915}.Release|x64.ActiveCfg = Release|Any CPU
		{B23E0A06-5F68-4F13-8D9F-707159E4F915}.Release|x64.Build.0 = Release|Any CPU
		{B23E0A06-5F68-4F13-8D9F-707159E4F915}.Release|x86.ActiveCfg = Release|Any CPU
		{B23E0A06-5F68-4F13-8D9F-707159E4F915}.Release|x86.Build.0 = Release|Any CPU
		{1C8B94EB-BCE1-4F99-A0E2-435EAC590DE0}.Debug|Any CPU.ActiveCfg = Debug|Any CPU
		{1C8B94EB-BCE1-4F99-A0E2-435EAC590DE0}.Debug|Any CPU.Build.0 = Debug|Any CPU
		{1C8B94EB-BCE1-4F99-A0E2-435EAC590DE0}.Debug|x64.ActiveCfg = Debug|Any CPU
		{1C8B94EB-BCE1-4F99-A0E2-435EAC590DE0}.Debug|x64.Build.0 = Debug|Any CPU
		{1C8B94EB-BCE1-4F99-A0E2-435EAC590DE0}.Debug|x86.ActiveCfg = Debug|Any CPU
		{1C8B94EB-BCE1-4F99-A0E2-435EAC590DE0}.Debug|x86.Build.0 = Debug|Any CPU
		{1C8B94EB-BCE1-4F99-A0E2-435EAC590DE0}.Release|Any CPU.ActiveCfg = Release|Any CPU
		{1C8B94EB-BCE1-4F99-A0E2-435EAC590DE0}.Release|Any CPU.Build.0 = Release|Any CPU
		{1C8B94EB-BCE1-4F99-A0E2-435EAC590DE0}.Release|x64.ActiveCfg = Release|Any CPU
		{1C8B94EB-BCE1-4F99-A0E2-435EAC590DE0}.Release|x64.Build.0 = Release|Any CPU
		{1C8B94EB-BCE1-4F99-A0E2-435EAC590DE0}.Release|x86.ActiveCfg = Release|Any CPU
		{1C8B94EB-BCE1-4F99-A0E2-435EAC590DE0}.Release|x86.Build.0 = Release|Any CPU
		{724C90DA-DB24-4A6B-9756-B09A47D6944B}.Debug|Any CPU.ActiveCfg = Debug|Any CPU
		{724C90DA-DB24-4A6B-9756-B09A47D6944B}.Debug|Any CPU.Build.0 = Debug|Any CPU
		{724C90DA-DB24-4A6B-9756-B09A47D6944B}.Debug|x64.ActiveCfg = Debug|Any CPU
		{724C90DA-DB24-4A6B-9756-B09A47D6944B}.Debug|x64.Build.0 = Debug|Any CPU
		{724C90DA-DB24-4A6B-9756-B09A47D6944B}.Debug|x86.ActiveCfg = Debug|Any CPU
		{724C90DA-DB24-4A6B-9756-B09A47D6944B}.Debug|x86.Build.0 = Debug|Any CPU
		{724C90DA-DB24-4A6B-9756-B09A47D6944B}.Release|Any CPU.ActiveCfg = Release|Any CPU
		{724C90DA-DB24-4A6B-9756-B09A47D6944B}.Release|Any CPU.Build.0 = Release|Any CPU
		{724C90DA-DB24-4A6B-9756-B09A47D6944B}.Release|x64.ActiveCfg = Release|Any CPU
		{724C90DA-DB24-4A6B-9756-B09A47D6944B}.Release|x64.Build.0 = Release|Any CPU
		{724C90DA-DB24-4A6B-9756-B09A47D6944B}.Release|x86.ActiveCfg = Release|Any CPU
		{724C90DA-DB24-4A6B-9756-B09A47D6944B}.Release|x86.Build.0 = Release|Any CPU
	EndGlobalSection
	GlobalSection(SolutionProperties) = preSolution
		HideSolutionNode = FALSE
	EndGlobalSection
EndGlobal
